// !$*UTF8*$!
{
	archiveVersion = 1;
	classes = {
	};
	objectVersion = 56;
	objects = {

/* Begin PBXBuildFile section */
		CEEDEBEB2A35B73F00F9DEE0 /* maegamiApp.swift in Sources */ = {isa = PBXBuildFile; fileRef = CEEDEBEA2A35B73F00F9DEE0 /* maegamiApp.swift */; };
		CEEDEBED2A35B73F00F9DEE0 /* ContentView.swift in Sources */ = {isa = PBXBuildFile; fileRef = CEEDEBEC2A35B73F00F9DEE0 /* ContentView.swift */; };
		CEEDEBEF2A35B74100F9DEE0 /* Assets.xcassets in Resources */ = {isa = PBXBuildFile; fileRef = CEEDEBEE2A35B74100F9DEE0 /* Assets.xcassets */; };
		CEEDEBF22A35B74100F9DEE0 /* Preview Assets.xcassets in Resources */ = {isa = PBXBuildFile; fileRef = CEEDEBF12A35B74100F9DEE0 /* Preview Assets.xcassets */; };
		CEEDEBF42A35B74100F9DEE0 /* Persistence.swift in Sources */ = {isa = PBXBuildFile; fileRef = CEEDEBF32A35B74100F9DEE0 /* Persistence.swift */; };
		CEEDEBF72A35B74100F9DEE0 /* maegami.xcdatamodeld in Sources */ = {isa = PBXBuildFile; fileRef = CEEDEBF52A35B74100F9DEE0 /* maegami.xcdatamodeld */; };
		CEEDEC012A35B74100F9DEE0 /* maegamiTests.swift in Sources */ = {isa = PBXBuildFile; fileRef = CEEDEC002A35B74100F9DEE0 /* maegamiTests.swift */; };
		CEEDEC0B2A35B74100F9DEE0 /* maegamiUITests.swift in Sources */ = {isa = PBXBuildFile; fileRef = CEEDEC0A2A35B74100F9DEE0 /* maegamiUITests.swift */; };
		CEEDEC0D2A35B74100F9DEE0 /* maegamiUITestsLaunchTests.swift in Sources */ = {isa = PBXBuildFile; fileRef = CEEDEC0C2A35B74100F9DEE0 /* maegamiUITestsLaunchTests.swift */; };
/* End PBXBuildFile section */

/* Begin PBXContainerItemProxy section */
		CEEDEBFD2A35B74100F9DEE0 /* PBXContainerItemProxy */ = {
			isa = PBXContainerItemProxy;
			containerPortal = CEEDEBDF2A35B73F00F9DEE0 /* Project object */;
			proxyType = 1;
			remoteGlobalIDString = CEEDEBE62A35B73F00F9DEE0;
			remoteInfo = maegami;
		};
		CEEDEC072A35B74100F9DEE0 /* PBXContainerItemProxy */ = {
			isa = PBXContainerItemProxy;
			containerPortal = CEEDEBDF2A35B73F00F9DEE0 /* Project object */;
			proxyType = 1;
			remoteGlobalIDString = CEEDEBE62A35B73F00F9DEE0;
			remoteInfo = maegami;
		};
/* End PBXContainerItemProxy section */

/* Begin PBXFileReference section */
		CEEDEBE72A35B73F00F9DEE0 /* maegami.app */ = {isa = PBXFileReference; explicitFileType = wrapper.application; includeInIndex = 0; path = maegami.app; sourceTree = BUILT_PRODUCTS_DIR; };
		CEEDEBEA2A35B73F00F9DEE0 /* maegamiApp.swift */ = {isa = PBXFileReference; lastKnownFileType = sourcecode.swift; path = maegamiApp.swift; sourceTree = "<group>"; };
		CEEDEBEC2A35B73F00F9DEE0 /* ContentView.swift */ = {isa = PBXFileReference; lastKnownFileType = sourcecode.swift; path = ContentView.swift; sourceTree = "<group>"; };
		CEEDEBEE2A35B74100F9DEE0 /* Assets.xcassets */ = {isa = PBXFileReference; lastKnownFileType = folder.assetcatalog; path = Assets.xcassets; sourceTree = "<group>"; };
		CEEDEBF12A35B74100F9DEE0 /* Preview Assets.xcassets */ = {isa = PBXFileReference; lastKnownFileType = folder.assetcatalog; path = "Preview Assets.xcassets"; sourceTree = "<group>"; };
		CEEDEBF32A35B74100F9DEE0 /* Persistence.swift */ = {isa = PBXFileReference; lastKnownFileType = sourcecode.swift; path = Persistence.swift; sourceTree = "<group>"; };
		CEEDEBF62A35B74100F9DEE0 /* maegami.xcdatamodel */ = {isa = PBXFileReference; lastKnownFileType = wrapper.xcdatamodel; path = maegami.xcdatamodel; sourceTree = "<group>"; };
		CEEDEBFC2A35B74100F9DEE0 /* maegamiTests.xctest */ = {isa = PBXFileReference; explicitFileType = wrapper.cfbundle; includeInIndex = 0; path = maegamiTests.xctest; sourceTree = BUILT_PRODUCTS_DIR; };
		CEEDEC002A35B74100F9DEE0 /* maegamiTests.swift */ = {isa = PBXFileReference; lastKnownFileType = sourcecode.swift; path = maegamiTests.swift; sourceTree = "<group>"; };
		CEEDEC062A35B74100F9DEE0 /* maegamiUITests.xctest */ = {isa = PBXFileReference; explicitFileType = wrapper.cfbundle; includeInIndex = 0; path = maegamiUITests.xctest; sourceTree = BUILT_PRODUCTS_DIR; };
		CEEDEC0A2A35B74100F9DEE0 /* maegamiUITests.swift */ = {isa = PBXFileReference; lastKnownFileType = sourcecode.swift; path = maegamiUITests.swift; sourceTree = "<group>"; };
		CEEDEC0C2A35B74100F9DEE0 /* maegamiUITestsLaunchTests.swift */ = {isa = PBXFileReference; lastKnownFileType = sourcecode.swift; path = maegamiUITestsLaunchTests.swift; sourceTree = "<group>"; };
/* End PBXFileReference section */

/* Begin PBXFrameworksBuildPhase section */
		CEEDEBE42A35B73F00F9DEE0 /* Frameworks */ = {
			isa = PBXFrameworksBuildPhase;
			buildActionMask = 2147483647;
			files = (
			);
			runOnlyForDeploymentPostprocessing = 0;
		};
		CEEDEBF92A35B74100F9DEE0 /* Frameworks */ = {
			isa = PBXFrameworksBuildPhase;
			buildActionMask = 2147483647;
			files = (
			);
			runOnlyForDeploymentPostprocessing = 0;
		};
		CEEDEC032A35B74100F9DEE0 /* Frameworks */ = {
			isa = PBXFrameworksBuildPhase;
			buildActionMask = 2147483647;
			files = (
			);
			runOnlyForDeploymentPostprocessing = 0;
		};
/* End PBXFrameworksBuildPhase section */

/* Begin PBXGroup section */
		CEEDEBDE2A35B73F00F9DEE0 = {
			isa = PBXGroup;
			children = (
				CEEDEBE92A35B73F00F9DEE0 /* maegami */,
				CEEDEBFF2A35B74100F9DEE0 /* maegamiTests */,
				CEEDEC092A35B74100F9DEE0 /* maegamiUITests */,
				CEEDEBE82A35B73F00F9DEE0 /* Products */,
			);
			sourceTree = "<group>";
		};
		CEEDEBE82A35B73F00F9DEE0 /* Products */ = {
			isa = PBXGroup;
			children = (
				CEEDEBE72A35B73F00F9DEE0 /* maegami.app */,
				CEEDEBFC2A35B74100F9DEE0 /* maegamiTests.xctest */,
				CEEDEC062A35B74100F9DEE0 /* maegamiUITests.xctest */,
			);
			name = Products;
			sourceTree = "<group>";
		};
		CEEDEBE92A35B73F00F9DEE0 /* maegami */ = {
			isa = PBXGroup;
			children = (
				CEEDEBEA2A35B73F00F9DEE0 /* maegamiApp.swift */,
				CEEDEBEC2A35B73F00F9DEE0 /* ContentView.swift */,
				CEEDEBEE2A35B74100F9DEE0 /* Assets.xcassets */,
				CEEDEBF32A35B74100F9DEE0 /* Persistence.swift */,
				CEEDEBF52A35B74100F9DEE0 /* maegami.xcdatamodeld */,
				CEEDEBF02A35B74100F9DEE0 /* Preview Content */,
			);
			path = maegami;
			sourceTree = "<group>";
		};
		CEEDEBF02A35B74100F9DEE0 /* Preview Content */ = {
			isa = PBXGroup;
			children = (
				CEEDEBF12A35B74100F9DEE0 /* Preview Assets.xcassets */,
			);
			path = "Preview Content";
			sourceTree = "<group>";
		};
		CEEDEBFF2A35B74100F9DEE0 /* maegamiTests */ = {
			isa = PBXGroup;
			children = (
				CEEDEC002A35B74100F9DEE0 /* maegamiTests.swift */,
			);
			path = maegamiTests;
			sourceTree = "<group>";
		};
		CEEDEC092A35B74100F9DEE0 /* maegamiUITests */ = {
			isa = PBXGroup;
			children = (
				CEEDEC0A2A35B74100F9DEE0 /* maegamiUITests.swift */,
				CEEDEC0C2A35B74100F9DEE0 /* maegamiUITestsLaunchTests.swift */,
			);
			path = maegamiUITests;
			sourceTree = "<group>";
		};
/* End PBXGroup section */

/* Begin PBXNativeTarget section */
		CEEDEBE62A35B73F00F9DEE0 /* maegami */ = {
			isa = PBXNativeTarget;
			buildConfigurationList = CEEDEC102A35B74100F9DEE0 /* Build configuration list for PBXNativeTarget "maegami" */;
			buildPhases = (
				CEEDEBE32A35B73F00F9DEE0 /* Sources */,
				CEEDEBE42A35B73F00F9DEE0 /* Frameworks */,
				CEEDEBE52A35B73F00F9DEE0 /* Resources */,
			);
			buildRules = (
			);
			dependencies = (
			);
			name = maegami;
			productName = maegami;
			productReference = CEEDEBE72A35B73F00F9DEE0 /* maegami.app */;
			productType = "com.apple.product-type.application";
		};
		CEEDEBFB2A35B74100F9DEE0 /* maegamiTests */ = {
			isa = PBXNativeTarget;
			buildConfigurationList = CEEDEC132A35B74100F9DEE0 /* Build configuration list for PBXNativeTarget "maegamiTests" */;
			buildPhases = (
				CEEDEBF82A35B74100F9DEE0 /* Sources */,
				CEEDEBF92A35B74100F9DEE0 /* Frameworks */,
				CEEDEBFA2A35B74100F9DEE0 /* Resources */,
			);
			buildRules = (
			);
			dependencies = (
				CEEDEBFE2A35B74100F9DEE0 /* PBXTargetDependency */,
			);
			name = maegamiTests;
			productName = maegamiTests;
			productReference = CEEDEBFC2A35B74100F9DEE0 /* maegamiTests.xctest */;
			productType = "com.apple.product-type.bundle.unit-test";
		};
		CEEDEC052A35B74100F9DEE0 /* maegamiUITests */ = {
			isa = PBXNativeTarget;
			buildConfigurationList = CEEDEC162A35B74100F9DEE0 /* Build configuration list for PBXNativeTarget "maegamiUITests" */;
			buildPhases = (
				CEEDEC022A35B74100F9DEE0 /* Sources */,
				CEEDEC032A35B74100F9DEE0 /* Frameworks */,
				CEEDEC042A35B74100F9DEE0 /* Resources */,
			);
			buildRules = (
			);
			dependencies = (
				CEEDEC082A35B74100F9DEE0 /* PBXTargetDependency */,
			);
			name = maegamiUITests;
			productName = maegamiUITests;
			productReference = CEEDEC062A35B74100F9DEE0 /* maegamiUITests.xctest */;
			productType = "com.apple.product-type.bundle.ui-testing";
		};
/* End PBXNativeTarget section */

/* Begin PBXProject section */
		CEEDEBDF2A35B73F00F9DEE0 /* Project object */ = {
			isa = PBXProject;
			attributes = {
				BuildIndependentTargetsInParallel = 1;
				LastSwiftUpdateCheck = 1430;
				LastUpgradeCheck = 1430;
				TargetAttributes = {
					CEEDEBE62A35B73F00F9DEE0 = {
						CreatedOnToolsVersion = 14.3.1;
					};
					CEEDEBFB2A35B74100F9DEE0 = {
						CreatedOnToolsVersion = 14.3.1;
						TestTargetID = CEEDEBE62A35B73F00F9DEE0;
					};
					CEEDEC052A35B74100F9DEE0 = {
						CreatedOnToolsVersion = 14.3.1;
						TestTargetID = CEEDEBE62A35B73F00F9DEE0;
					};
				};
			};
			buildConfigurationList = CEEDEBE22A35B73F00F9DEE0 /* Build configuration list for PBXProject "maegami" */;
			compatibilityVersion = "Xcode 14.0";
			developmentRegion = en;
			hasScannedForEncodings = 0;
			knownRegions = (
				en,
				Base,
			);
			mainGroup = CEEDEBDE2A35B73F00F9DEE0;
			productRefGroup = CEEDEBE82A35B73F00F9DEE0 /* Products */;
			projectDirPath = "";
			projectRoot = "";
			targets = (
				CEEDEBE62A35B73F00F9DEE0 /* maegami */,
				CEEDEBFB2A35B74100F9DEE0 /* maegamiTests */,
				CEEDEC052A35B74100F9DEE0 /* maegamiUITests */,
			);
		};
/* End PBXProject section */

/* Begin PBXResourcesBuildPhase section */
		CEEDEBE52A35B73F00F9DEE0 /* Resources */ = {
			isa = PBXResourcesBuildPhase;
			buildActionMask = 2147483647;
			files = (
				CEEDEBF22A35B74100F9DEE0 /* Preview Assets.xcassets in Resources */,
				CEEDEBEF2A35B74100F9DEE0 /* Assets.xcassets in Resources */,
			);
			runOnlyForDeploymentPostprocessing = 0;
		};
		CEEDEBFA2A35B74100F9DEE0 /* Resources */ = {
			isa = PBXResourcesBuildPhase;
			buildActionMask = 2147483647;
			files = (
			);
			runOnlyForDeploymentPostprocessing = 0;
		};
		CEEDEC042A35B74100F9DEE0 /* Resources */ = {
			isa = PBXResourcesBuildPhase;
			buildActionMask = 2147483647;
			files = (
			);
			runOnlyForDeploymentPostprocessing = 0;
		};
/* End PBXResourcesBuildPhase section */

/* Begin PBXSourcesBuildPhase section */
		CEEDEBE32A35B73F00F9DEE0 /* Sources */ = {
			isa = PBXSourcesBuildPhase;
			buildActionMask = 2147483647;
			files = (
				CEEDEBF42A35B74100F9DEE0 /* Persistence.swift in Sources */,
				CEEDEBF72A35B74100F9DEE0 /* maegami.xcdatamodeld in Sources */,
				CEEDEBED2A35B73F00F9DEE0 /* ContentView.swift in Sources */,
				CEEDEBEB2A35B73F00F9DEE0 /* maegamiApp.swift in Sources */,
			);
			runOnlyForDeploymentPostprocessing = 0;
		};
		CEEDEBF82A35B74100F9DEE0 /* Sources */ = {
			isa = PBXSourcesBuildPhase;
			buildActionMask = 2147483647;
			files = (
				CEEDEC012A35B74100F9DEE0 /* maegamiTests.swift in Sources */,
			);
			runOnlyForDeploymentPostprocessing = 0;
		};
		CEEDEC022A35B74100F9DEE0 /* Sources */ = {
			isa = PBXSourcesBuildPhase;
			buildActionMask = 2147483647;
			files = (
				CEEDEC0D2A35B74100F9DEE0 /* maegamiUITestsLaunchTests.swift in Sources */,
				CEEDEC0B2A35B74100F9DEE0 /* maegamiUITests.swift in Sources */,
			);
			runOnlyForDeploymentPostprocessing = 0;
		};
/* End PBXSourcesBuildPhase section */

/* Begin PBXTargetDependency section */
		CEEDEBFE2A35B74100F9DEE0 /* PBXTargetDependency */ = {
			isa = PBXTargetDependency;
			target = CEEDEBE62A35B73F00F9DEE0 /* maegami */;
			targetProxy = CEEDEBFD2A35B74100F9DEE0 /* PBXContainerItemProxy */;
		};
		CEEDEC082A35B74100F9DEE0 /* PBXTargetDependency */ = {
			isa = PBXTargetDependency;
			target = CEEDEBE62A35B73F00F9DEE0 /* maegami */;
			targetProxy = CEEDEC072A35B74100F9DEE0 /* PBXContainerItemProxy */;
		};
/* End PBXTargetDependency section */

/* Begin XCBuildConfiguration section */
		CEEDEC0E2A35B74100F9DEE0 /* Debug */ = {
			isa = XCBuildConfiguration;
			buildSettings = {
				ALWAYS_SEARCH_USER_PATHS = NO;
				CLANG_ANALYZER_NONNULL = YES;
				CLANG_ANALYZER_NUMBER_OBJECT_CONVERSION = YES_AGGRESSIVE;
				CLANG_CXX_LANGUAGE_STANDARD = "gnu++20";
				CLANG_ENABLE_MODULES = YES;
				CLANG_ENABLE_OBJC_ARC = YES;
				CLANG_ENABLE_OBJC_WEAK = YES;
				CLANG_WARN_BLOCK_CAPTURE_AUTORELEASING = YES;
				CLANG_WARN_BOOL_CONVERSION = YES;
				CLANG_WARN_COMMA = YES;
				CLANG_WARN_CONSTANT_CONVERSION = YES;
				CLANG_WARN_DEPRECATED_OBJC_IMPLEMENTATIONS = YES;
				CLANG_WARN_DIRECT_OBJC_ISA_USAGE = YES_ERROR;
				CLANG_WARN_DOCUMENTATION_COMMENTS = YES;
				CLANG_WARN_EMPTY_BODY = YES;
				CLANG_WARN_ENUM_CONVERSION = YES;
				CLANG_WARN_INFINITE_RECURSION = YES;
				CLANG_WARN_INT_CONVERSION = YES;
				CLANG_WARN_NON_LITERAL_NULL_CONVERSION = YES;
				CLANG_WARN_OBJC_IMPLICIT_RETAIN_SELF = YES;
				CLANG_WARN_OBJC_LITERAL_CONVERSION = YES;
				CLANG_WARN_OBJC_ROOT_CLASS = YES_ERROR;
				CLANG_WARN_QUOTED_INCLUDE_IN_FRAMEWORK_HEADER = YES;
				CLANG_WARN_RANGE_LOOP_ANALYSIS = YES;
				CLANG_WARN_STRICT_PROTOTYPES = YES;
				CLANG_WARN_SUSPICIOUS_MOVE = YES;
				CLANG_WARN_UNGUARDED_AVAILABILITY = YES_AGGRESSIVE;
				CLANG_WARN_UNREACHABLE_CODE = YES;
				CLANG_WARN__DUPLICATE_METHOD_MATCH = YES;
				COPY_PHASE_STRIP = NO;
				DEBUG_INFORMATION_FORMAT = dwarf;
				ENABLE_STRICT_OBJC_MSGSEND = YES;
				ENABLE_TESTABILITY = YES;
				GCC_C_LANGUAGE_STANDARD = gnu11;
				GCC_DYNAMIC_NO_PIC = NO;
				GCC_NO_COMMON_BLOCKS = YES;
				GCC_OPTIMIZATION_LEVEL = 0;
				GCC_PREPROCESSOR_DEFINITIONS = (
					"DEBUG=1",
					"$(inherited)",
				);
				GCC_WARN_64_TO_32_BIT_CONVERSION = YES;
				GCC_WARN_ABOUT_RETURN_TYPE = YES_ERROR;
				GCC_WARN_UNDECLARED_SELECTOR = YES;
				GCC_WARN_UNINITIALIZED_AUTOS = YES_AGGRESSIVE;
				GCC_WARN_UNUSED_FUNCTION = YES;
				GCC_WARN_UNUSED_VARIABLE = YES;
				IPHONEOS_DEPLOYMENT_TARGET = 16.4;
				MTL_ENABLE_DEBUG_INFO = INCLUDE_SOURCE;
				MTL_FAST_MATH = YES;
				ONLY_ACTIVE_ARCH = YES;
				SDKROOT = iphoneos;
				SWIFT_ACTIVE_COMPILATION_CONDITIONS = DEBUG;
				SWIFT_OPTIMIZATION_LEVEL = "-Onone";
			};
			name = Debug;
		};
		CEEDEC0F2A35B74100F9DEE0 /* Release */ = {
			isa = XCBuildConfiguration;
			buildSettings = {
				ALWAYS_SEARCH_USER_PATHS = NO;
				CLANG_ANALYZER_NONNULL = YES;
				CLANG_ANALYZER_NUMBER_OBJECT_CONVERSION = YES_AGGRESSIVE;
				CLANG_CXX_LANGUAGE_STANDARD = "gnu++20";
				CLANG_ENABLE_MODULES = YES;
				CLANG_ENABLE_OBJC_ARC = YES;
				CLANG_ENABLE_OBJC_WEAK = YES;
				CLANG_WARN_BLOCK_CAPTURE_AUTORELEASING = YES;
				CLANG_WARN_BOOL_CONVERSION = YES;
				CLANG_WARN_COMMA = YES;
				CLANG_WARN_CONSTANT_CONVERSION = YES;
				CLANG_WARN_DEPRECATED_OBJC_IMPLEMENTATIONS = YES;
				CLANG_WARN_DIRECT_OBJC_ISA_USAGE = YES_ERROR;
				CLANG_WARN_DOCUMENTATION_COMMENTS = YES;
				CLANG_WARN_EMPTY_BODY = YES;
				CLANG_WARN_ENUM_CONVERSION = YES;
				CLANG_WARN_INFINITE_RECURSION = YES;
				CLANG_WARN_INT_CONVERSION = YES;
				CLANG_WARN_NON_LITERAL_NULL_CONVERSION = YES;
				CLANG_WARN_OBJC_IMPLICIT_RETAIN_SELF = YES;
				CLANG_WARN_OBJC_LITERAL_CONVERSION = YES;
				CLANG_WARN_OBJC_ROOT_CLASS = YES_ERROR;
				CLANG_WARN_QUOTED_INCLUDE_IN_FRAMEWORK_HEADER = YES;
				CLANG_WARN_RANGE_LOOP_ANALYSIS = YES;
				CLANG_WARN_STRICT_PROTOTYPES = YES;
				CLANG_WARN_SUSPICIOUS_MOVE = YES;
				CLANG_WARN_UNGUARDED_AVAILABILITY = YES_AGGRESSIVE;
				CLANG_WARN_UNREACHABLE_CODE = YES;
				CLANG_WARN__DUPLICATE_METHOD_MATCH = YES;
				COPY_PHASE_STRIP = NO;
				DEBUG_INFORMATION_FORMAT = "dwarf-with-dsym";
				ENABLE_NS_ASSERTIONS = NO;
				ENABLE_STRICT_OBJC_MSGSEND = YES;
				GCC_C_LANGUAGE_STANDARD = gnu11;
				GCC_NO_COMMON_BLOCKS = YES;
				GCC_WARN_64_TO_32_BIT_CONVERSION = YES;
				GCC_WARN_ABOUT_RETURN_TYPE = YES_ERROR;
				GCC_WARN_UNDECLARED_SELECTOR = YES;
				GCC_WARN_UNINITIALIZED_AUTOS = YES_AGGRESSIVE;
				GCC_WARN_UNUSED_FUNCTION = YES;
				GCC_WARN_UNUSED_VARIABLE = YES;
				IPHONEOS_DEPLOYMENT_TARGET = 16.4;
				MTL_ENABLE_DEBUG_INFO = NO;
				MTL_FAST_MATH = YES;
				SDKROOT = iphoneos;
				SWIFT_COMPILATION_MODE = wholemodule;
				SWIFT_OPTIMIZATION_LEVEL = "-O";
				VALIDATE_PRODUCT = YES;
			};
			name = Release;
		};
		CEEDEC112A35B74100F9DEE0 /* Debug */ = {
			isa = XCBuildConfiguration;
			buildSettings = {
				ASSETCATALOG_COMPILER_APPICON_NAME = AppIcon;
				ASSETCATALOG_COMPILER_GLOBAL_ACCENT_COLOR_NAME = AccentColor;
				CODE_SIGN_STYLE = Automatic;
				CURRENT_PROJECT_VERSION = 1;
				DEVELOPMENT_ASSET_PATHS = "\"maegami/Preview Content\"";
				DEVELOPMENT_TEAM = 27TW2H4RVX;
				ENABLE_PREVIEWS = YES;
				GENERATE_INFOPLIST_FILE = YES;
				INFOPLIST_KEY_UIApplicationSceneManifest_Generation = YES;
				INFOPLIST_KEY_UIApplicationSupportsIndirectInputEvents = YES;
				INFOPLIST_KEY_UILaunchScreen_Generation = YES;
				INFOPLIST_KEY_UISupportedInterfaceOrientations_iPad = "UIInterfaceOrientationPortrait UIInterfaceOrientationPortraitUpsideDown UIInterfaceOrientationLandscapeLeft UIInterfaceOrientationLandscapeRight";
				INFOPLIST_KEY_UISupportedInterfaceOrientations_iPhone = "UIInterfaceOrientationPortrait UIInterfaceOrientationLandscapeLeft UIInterfaceOrientationLandscapeRight";
				LD_RUNPATH_SEARCH_PATHS = (
					"$(inherited)",
					"@executable_path/Frameworks",
				);
				MARKETING_VERSION = 1.0;
				PRODUCT_BUNDLE_IDENTIFIER = com.maegami.maegami;
				PRODUCT_NAME = "$(TARGET_NAME)";
				SWIFT_EMIT_LOC_STRINGS = YES;
				SWIFT_VERSION = 5.0;
				TARGETED_DEVICE_FAMILY = "1,2";
			};
			name = Debug;
		};
		CEEDEC122A35B74100F9DEE0 /* Release */ = {
			isa = XCBuildConfiguration;
			buildSettings = {
				ASSETCATALOG_COMPILER_APPICON_NAME = AppIcon;
				ASSETCATALOG_COMPILER_GLOBAL_ACCENT_COLOR_NAME = AccentColor;
				CODE_SIGN_STYLE = Automatic;
				CURRENT_PROJECT_VERSION = 1;
				DEVELOPMENT_ASSET_PATHS = "\"maegami/Preview Content\"";
				DEVELOPMENT_TEAM = 27TW2H4RVX;
				ENABLE_PREVIEWS = YES;
				GENERATE_INFOPLIST_FILE = YES;
				INFOPLIST_KEY_UIApplicationSceneManifest_Generation = YES;
				INFOPLIST_KEY_UIApplicationSupportsIndirectInputEvents = YES;
				INFOPLIST_KEY_UILaunchScreen_Generation = YES;
				INFOPLIST_KEY_UISupportedInterfaceOrientations_iPad = "UIInterfaceOrientationPortrait UIInterfaceOrientationPortraitUpsideDown UIInterfaceOrientationLandscapeLeft UIInterfaceOrientationLandscapeRight";
				INFOPLIST_KEY_UISupportedInterfaceOrientations_iPhone = "UIInterfaceOrientationPortrait UIInterfaceOrientationLandscapeLeft UIInterfaceOrientationLandscapeRight";
				LD_RUNPATH_SEARCH_PATHS = (
					"$(inherited)",
					"@executable_path/Frameworks",
				);
				MARKETING_VERSION = 1.0;
				PRODUCT_BUNDLE_IDENTIFIER = com.maegami.maegami;
				PRODUCT_NAME = "$(TARGET_NAME)";
				SWIFT_EMIT_LOC_STRINGS = YES;
				SWIFT_VERSION = 5.0;
				TARGETED_DEVICE_FAMILY = "1,2";
			};
			name = Release;
		};
		CEEDEC142A35B74100F9DEE0 /* Debug */ = {
			isa = XCBuildConfiguration;
			buildSettings = {
				ALWAYS_EMBED_SWIFT_STANDARD_LIBRARIES = YES;
				BUNDLE_LOADER = "$(TEST_HOST)";
				CODE_SIGN_STYLE = Automatic;
				CURRENT_PROJECT_VERSION = 1;
				DEVELOPMENT_TEAM = 27TW2H4RVX;
				GENERATE_INFOPLIST_FILE = YES;
				IPHONEOS_DEPLOYMENT_TARGET = 16.4;
				MARKETING_VERSION = 1.0;
				PRODUCT_BUNDLE_IDENTIFIER = com.maegami.maegamiTests;
				PRODUCT_NAME = "$(TARGET_NAME)";
				SWIFT_EMIT_LOC_STRINGS = NO;
				SWIFT_VERSION = 5.0;
				TARGETED_DEVICE_FAMILY = "1,2";
				TEST_HOST = "$(BUILT_PRODUCTS_DIR)/maegami.app/$(BUNDLE_EXECUTABLE_FOLDER_PATH)/maegami";
			};
			name = Debug;
		};
		CEEDEC152A35B74100F9DEE0 /* Release */ = {
			isa = XCBuildConfiguration;
			buildSettings = {
				ALWAYS_EMBED_SWIFT_STANDARD_LIBRARIES = YES;
				BUNDLE_LOADER = "$(TEST_HOST)";
				CODE_SIGN_STYLE = Automatic;
				CURRENT_PROJECT_VERSION = 1;
				DEVELOPMENT_TEAM = 27TW2H4RVX;
				GENERATE_INFOPLIST_FILE = YES;
				IPHONEOS_DEPLOYMENT_TARGET = 16.4;
				MARKETING_VERSION = 1.0;
				PRODUCT_BUNDLE_IDENTIFIER = com.maegami.maegamiTests;
				PRODUCT_NAME = "$(TARGET_NAME)";
				SWIFT_EMIT_LOC_STRINGS = NO;
				SWIFT_VERSION = 5.0;
				TARGETED_DEVICE_FAMILY = "1,2";
				TEST_HOST = "$(BUILT_PRODUCTS_DIR)/maegami.app/$(BUNDLE_EXECUTABLE_FOLDER_PATH)/maegami";
			};
			name = Release;
		};
		CEEDEC172A35B74100F9DEE0 /* Debug */ = {
			isa = XCBuildConfiguration;
			buildSettings = {
				ALWAYS_EMBED_SWIFT_STANDARD_LIBRARIES = YES;
				CODE_SIGN_STYLE = Automatic;
				CURRENT_PROJECT_VERSION = 1;
				DEVELOPMENT_TEAM = 27TW2H4RVX;
				GENERATE_INFOPLIST_FILE = YES;
				MARKETING_VERSION = 1.0;
				PRODUCT_BUNDLE_IDENTIFIER = com.maegami.maegamiUITests;
				PRODUCT_NAME = "$(TARGET_NAME)";
				SWIFT_EMIT_LOC_STRINGS = NO;
				SWIFT_VERSION = 5.0;
				TARGETED_DEVICE_FAMILY = "1,2";
				TEST_TARGET_NAME = maegami;
			};
			name = Debug;
		};
		CEEDEC182A35B74100F9DEE0 /* Release */ = {
			isa = XCBuildConfiguration;
			buildSettings = {
				ALWAYS_EMBED_SWIFT_STANDARD_LIBRARIES = YES;
				CODE_SIGN_STYLE = Automatic;
				CURRENT_PROJECT_VERSION = 1;
				DEVELOPMENT_TEAM = 27TW2H4RVX;
				GENERATE_INFOPLIST_FILE = YES;
				MARKETING_VERSION = 1.0;
				PRODUCT_BUNDLE_IDENTIFIER = com.maegami.maegamiUITests;
				PRODUCT_NAME = "$(TARGET_NAME)";
				SWIFT_EMIT_LOC_STRINGS = NO;
				SWIFT_VERSION = 5.0;
				TARGETED_DEVICE_FAMILY = "1,2";
				TEST_TARGET_NAME = maegami;
			};
			name = Release;
		};
/* End XCBuildConfiguration section */

/* Begin XCConfigurationList section */
		CEEDEBE22A35B73F00F9DEE0 /* Build configuration list for PBXProject "maegami" */ = {
			isa = XCConfigurationList;
			buildConfigurations = (
				CEEDEC0E2A35B74100F9DEE0 /* Debug */,
				CEEDEC0F2A35B74100F9DEE0 /* Release */,
			);
			defaultConfigurationIsVisible = 0;
			defaultConfigurationName = Release;
		};
		CEEDEC102A35B74100F9DEE0 /* Build configuration list for PBXNativeTarget "maegami" */ = {
			isa = XCConfigurationList;
			buildConfigurations = (
				CEEDEC112A35B74100F9DEE0 /* Debug */,
				CEEDEC122A35B74100F9DEE0 /* Release */,
			);
			defaultConfigurationIsVisible = 0;
			defaultConfigurationName = Release;
		};
		CEEDEC132A35B74100F9DEE0 /* Build configuration list for PBXNativeTarget "maegamiTests" */ = {
			isa = XCConfigurationList;
			buildConfigurations = (
				CEEDEC142A35B74100F9DEE0 /* Debug */,
				CEEDEC152A35B74100F9DEE0 /* Release */,
			);
			defaultConfigurationIsVisible = 0;
			defaultConfigurationName = Release;
		};
		CEEDEC162A35B74100F9DEE0 /* Build configuration list for PBXNativeTarget "maegamiUITests" */ = {
			isa = XCConfigurationList;
			buildConfigurations = (
				CEEDEC172A35B74100F9DEE0 /* Debug */,
				CEEDEC182A35B74100F9DEE0 /* Release */,
			);
			defaultConfigurationIsVisible = 0;
			defaultConfigurationName = Release;
		};
/* End XCConfigurationList section */

/* Begin XCVersionGroup section */
		CEEDEBF52A35B74100F9DEE0 /* maegami.xcdatamodeld */ = {
			isa = XCVersionGroup;
			children = (
				CEEDEBF62A35B74100F9DEE0 /* maegami.xcdatamodel */,
			);
			currentVersion = CEEDEBF62A35B74100F9DEE0 /* maegami.xcdatamodel */;
			path = maegami.xcdatamodeld;
			sourceTree = "<group>";
			versionGroupType = wrapper.xcdatamodel;
		};
/* End XCVersionGroup section */
	};
	rootObject = CEEDEBDF2A35B73F00F9DEE0 /* Project object */;
}
